
Microsoft Visual Studio Solution File, Format Version 12.00
# Visual Studio Version 17
VisualStudioVersion = 17.1.32228.430
MinimumVisualStudioVersion = 10.0.40219.1
Project("{9A19103F-16F7-4668-BE54-9A1E7A4F7556}") = "RankingTracker.WPF", "RankingTracker\RankingTracker.WPF.csproj", "{A7EDBF1F-F558-4897-824D-B61911B08DE6}"
EndProject
Project("{9A19103F-16F7-4668-BE54-9A1E7A4F7556}") = "RankingTracker.Contract", "Contract\RankingTracker.Contract.csproj", "{C287F941-09BF-4520-8D63-CEC990C96FA5}"
EndProject
Project("{9A19103F-16F7-4668-BE54-9A1E7A4F7556}") = "RankingTracker.Api", "RankingTracker.Api\RankingTracker.Api.csproj", "{49D0D9CC-F59A-430B-846A-097F57C3FA6A}"
EndProject
Project("{9A19103F-16F7-4668-BE54-9A1E7A4F7556}") = "RankingTracker.Services", "RankingTracker.Services\RankingTracker.Services.csproj", "{750CDE87-6789-4400-98CE-8E130B4495DE}"
EndProject
Project("{FAE04EC0-301F-11D3-BF4B-00C04F79EFBC}") = "RankingTracker.Model", "RankingTracker.Model\RankingTracker.Model.csproj", "{B3432E61-246E-43B0-A1B8-83D465776A29}"
EndProject
Global
	GlobalSection(SolutionConfigurationPlatforms) = preSolution
		Debug|Any CPU = Debug|Any CPU
		Release|Any CPU = Release|Any CPU
	EndGlobalSection
	GlobalSection(ProjectConfigurationPlatforms) = postSolution
		{A7EDBF1F-F558-4897-824D-B61911B08DE6}.Debug|Any CPU.ActiveCfg = Debug|Any CPU
		{A7EDBF1F-F558-4897-824D-B61911B08DE6}.Debug|Any CPU.Build.0 = Debug|Any CPU
		{A7EDBF1F-F558-4897-824D-B61911B08DE6}.Release|Any CPU.ActiveCfg = Release|Any CPU
		{A7EDBF1F-F558-4897-824D-B61911B08DE6}.Release|Any CPU.Build.0 = Release|Any CPU
		{C287F941-09BF-4520-8D63-CEC990C96FA5}.Debug|Any CPU.ActiveCfg = Debug|Any CPU
		{C287F941-09BF-4520-8D63-CEC990C96FA5}.Debug|Any CPU.Build.0 = Debug|Any CPU
		{C287F941-09BF-4520-8D63-CEC990C96FA5}.Release|Any CPU.ActiveCfg = Release|Any CPU
		{C287F941-09BF-4520-8D63-CEC990C96FA5}.Release|Any CPU.Build.0 = Release|Any CPU
		{49D0D9CC-F59A-430B-846A-097F57C3FA6A}.Debug|Any CPU.ActiveCfg = Debug|Any CPU
		{49D0D9CC-F59A-430B-846A-097F57C3FA6A}.Debug|Any CPU.Build.0 = Debug|Any CPU
		{49D0D9CC-F59A-430B-846A-097F57C3FA6A}.Release|Any CPU.ActiveCfg = Release|Any CPU
		{49D0D9CC-F59A-430B-846A-097F57C3FA6A}.Release|Any CPU.Build.0 = Release|Any CPU
		{750CDE87-6789-4400-98CE-8E130B4495DE}.Debug|Any CPU.ActiveCfg = Debug|Any CPU
		{750CDE87-6789-4400-98CE-8E130B4495DE}.Debug|Any CPU.Build.0 = Debug|Any CPU
		{750CDE87-6789-4400-98CE-8E130B4495DE}.Release|Any CPU.ActiveCfg = Release|Any CPU
		{750CDE87-6789-4400-98CE-8E130B4495DE}.Release|Any CPU.Build.0 = Release|Any CPU
		{B3432E61-246E-43B0-A1B8-83D465776A29}.Debug|Any CPU.ActiveCfg = Debug|Any CPU
		{B3432E61-246E-43B0-A1B8-83D465776A29}.Debug|Any CPU.Build.0 = Debug|Any CPU
		{B3432E61-246E-43B0-A1B8-83D465776A29}.Release|Any CPU.ActiveCfg = Release|Any CPU
		{B3432E61-246E-43B0-A1B8-83D465776A29}.Release|Any CPU.Build.0 = Release|Any CPU
	EndGlobalSection
	GlobalSection(SolutionProperties) = preSolution
		HideSolutionNode = FALSE
	EndGlobalSection
	GlobalSection(ExtensibilityGlobals) = postSolution
		SolutionGuid = {F48DE1B0-DF85-46BF-B0ED-BBD489918A22}
	EndGlobalSection
EndGlobal
